
Microsoft Visual Studio Solution File, Format Version 12.00
# Visual Studio Version 17
VisualStudioVersion = 17.2.32630.192
MinimumVisualStudioVersion = 10.0.40219.1
Project("{FAE04EC0-301F-11D3-BF4B-00C04F79EFBC}") = "ConsoleApp1", "ConsoleApp1\ConsoleApp1.csproj", "{0F79E4A3-F7E1-4EC6-B6E8-A519A1118ACC}"
EndProject
Global
	GlobalSection(SolutionConfigurationPlatforms) = preSolution
		Debug|Any CPU = Debug|Any CPU
		Release|Any CPU = Release|Any CPU
	EndGlobalSection
	GlobalSection(ProjectConfigurationPlatforms) = postSolution
		{0F79E4A3-F7E1-4EC6-B6E8-A519A1118ACC}.Debug|Any CPU.ActiveCfg = Debug|Any CPU
		{0F79E4A3-F7E1-4EC6-B6E8-A519A1118ACC}.Debug|Any CPU.Build.0 = Debug|Any CPU
		{0F79E4A3-F7E1-4EC6-B6E8-A519A1118ACC}.Release|Any CPU.ActiveCfg = Release|Any CPU
		{0F79E4A3-F7E1-4EC6-B6E8-A519A1118ACC}.Release|Any CPU.Build.0 = Release|Any CPU
	EndGlobalSection
	GlobalSection(SolutionProperties) = preSolution
		HideSolutionNode = FALSE
	EndGlobalSection
	GlobalSection(ExtensibilityGlobals) = postSolution
		SolutionGuid = {B31F63DB-0E79-419E-8970-7FF289CD955C}
	EndGlobalSection
EndGlobal
